
Microsoft Visual Studio Solution File, Format Version 12.00
# Visual Studio Version 17
VisualStudioVersion = 17.11.35222.181
MinimumVisualStudioVersion = 10.0.40219.1
Project("{FAE04EC0-301F-11D3-BF4B-00C04F79EFBC}") = "WpfCoreWinUI3", "WpfCoreWinUI3\WpfCoreWinUI3.csproj", "{A00EFF15-E497-4F1F-A2CD-EC7DC0954FDB}"
EndProject
Global
	GlobalSection(SolutionConfigurationPlatforms) = preSolution
		Debug|Any CPU = Debug|Any CPU
		Release|Any CPU = Release|Any CPU
	EndGlobalSection
	GlobalSection(ProjectConfigurationPlatforms) = postSolution
		{A00EFF15-E497-4F1F-A2CD-EC7DC0954FDB}.Debug|Any CPU.ActiveCfg = Debug|Any CPU
		{A00EFF15-E497-4F1F-A2CD-EC7DC0954FDB}.Debug|Any CPU.Build.0 = Debug|Any CPU
		{A00EFF15-E497-4F1F-A2CD-EC7DC0954FDB}.Release|Any CPU.ActiveCfg = Release|Any CPU
		{A00EFF15-E497-4F1F-A2CD-EC7DC0954FDB}.Release|Any CPU.Build.0 = Release|Any CPU
	EndGlobalSection
	GlobalSection(SolutionProperties) = preSolution
		HideSolutionNode = FALSE
	EndGlobalSection
	GlobalSection(ExtensibilityGlobals) = postSolution
		SolutionGuid = {0FCCCB63-79F1-413A-A3C0-D966E8C8BBB4}
	EndGlobalSection
EndGlobal
